{
  "nodes": {
    "comma": {
      "flake": false,
      "locked": {
        "lastModified": 1588170489,
        "narHash": "sha256-IT7zlcM1Oh4sWeCJ1m4NkteuajPxTnNo1tbitG0eqlg=",
        "owner": "Shopify",
        "repo": "comma",
        "rev": "4a62ec17e20ce0e738a8e5126b4298a73903b468",
        "type": "github"
      },
      "original": {
        "owner": "Shopify",
        "repo": "comma",
        "type": "github"
      }
    },
    "darwin": {
      "inputs": {
        "nixpkgs": [
          "nixpkgs"
        ]
      },
      "locked": {
        "lastModified": 1631987658,
        "narHash": "sha256-5+l8iSN4k393z24KV4jBqWZcm9OD44WRSShqTuBktjs=",
        "owner": "kclejeune",
        "repo": "nix-darwin",
        "rev": "a27ed30f89454a4f30328d968e75b1af59af3855",
        "type": "github"
      },
      "original": {
        "owner": "kclejeune",
        "ref": "backup-etc",
        "repo": "nix-darwin",
        "type": "github"
      }
    },
    "darwin-stable": {
      "locked": {
        "lastModified": 1635719588,
        "narHash": "sha256-pWjdy0NheM97NsPE6+jUnr5LYyeA0sBGTdw4mfXMGZQ=",
        "owner": "nixos",
        "repo": "nixpkgs",
        "rev": "f0869b1a2c0b150aac26e10bb5c2364ffb2e804f",
        "type": "github"
      },
      "original": {
        "owner": "nixos",
        "ref": "nixpkgs-21.05-darwin",
        "repo": "nixpkgs",
        "type": "github"
      }
    },
    "devshell": {
      "locked": {
        "lastModified": 1635874631,
        "narHash": "sha256-dyXYl7tL7LRNl5FOLPk2LVM+47FNUz1lsEXptYDLRzE=",
        "owner": "numtide",
        "repo": "devshell",
        "rev": "881e205bad8db0017486a626d8ce9459a720fa3f",
        "type": "github"
      },
      "original": {
        "owner": "numtide",
        "repo": "devshell",
        "type": "github"
      }
    },
    "flake-compat": {
      "flake": false,
      "locked": {
        "lastModified": 1627913399,
        "narHash": "sha256-hY8g6H2KFL8ownSiFeMOjwPC8P0ueXpCVEbxgda3pko=",
        "owner": "edolstra",
        "repo": "flake-compat",
        "rev": "12c64ca55c1014cdc1b16ed5a804aa8576601ff2",
        "type": "github"
      },
      "original": {
        "owner": "edolstra",
        "repo": "flake-compat",
        "type": "github"
      }
    },
    "flake-utils": {
      "locked": {
        "lastModified": 1634851050,
        "narHash": "sha256-N83GlSGPJJdcqhUxSCS/WwW5pksYf3VP1M13cDRTSVA=",
        "owner": "numtide",
        "repo": "flake-utils",
        "rev": "c91f3de5adaf1de973b797ef7485e441a65b8935",
        "type": "github"
      },
      "original": {
        "owner": "numtide",
        "repo": "flake-utils",
        "type": "github"
      }
    },
    "home-manager": {
      "inputs": {
        "nixpkgs": [
          "nixpkgs"
        ]
      },
      "locked": {
        "lastModified": 1635839387,
        "narHash": "sha256-2B6DqfTiwY5w2TljC4+AxEUuVYMTP5Fo2h5iGNIONvk=",
        "owner": "nix-community",
        "repo": "home-manager",
        "rev": "288faaa5a65e72e37e6027024829b15c8bb69286",
        "type": "github"
      },
      "original": {
        "owner": "nix-community",
        "ref": "master",
        "repo": "home-manager",
        "type": "github"
      }
    },
    "nixos-hardware": {
      "locked": {
        "lastModified": 1635449388,
        "narHash": "sha256-i7hMiAgpRTGsMPTQKuNCDfW/ftQ+g9N6iaMj+RN6yws=",
        "owner": "nixos",
        "repo": "nixos-hardware",
        "rev": "518b9c2159e7d4b7696ee18b8828f9086012923b",
        "type": "github"
      },
      "original": {
        "owner": "nixos",
        "repo": "nixos-hardware",
        "type": "github"
      }
    },
    "nixos-stable": {
      "locked": {
        "lastModified": 1635933255,
        "narHash": "sha256-cR4jRaog5/o5U0No0wNVgokfJma9vuiZhtcu3CUcb1M=",
        "owner": "nixos",
        "repo": "nixpkgs",
        "rev": "2fd5c69fa6057870687a6589a8c95da955188f91",
        "type": "github"
      },
      "original": {
        "owner": "nixos",
        "ref": "nixos-21.05",
        "repo": "nixpkgs",
        "type": "github"
      }
    },
    "nixos-unstable": {
      "locked": {
        "lastModified": 1635844945,
        "narHash": "sha256-tZcL307dj28jgEU1Wdn+zwG9neyW0H2+ZjdVhvJxh9g=",
        "owner": "nixos",
        "repo": "nixpkgs",
        "rev": "b67e752c29f18a0ca5534a07661366d6a2c2e649",
        "type": "github"
      },
      "original": {
        "owner": "nixos",
        "ref": "nixos-unstable",
        "repo": "nixpkgs",
        "type": "github"
      }
    },
    "nixpkgs": {
      "locked": {
        "lastModified": 1635934775,
        "narHash": "sha256-DUkBfZjgeefgqyvFxnkZiOOWXgHP5Y1oKp/Zm+LT05Y=",
        "owner": "nixos",
        "repo": "nixpkgs",
        "rev": "4789953e5c1ef6d10e3ff437e5b7ab8eed526942",
        "type": "github"
      },
      "original": {
        "owner": "nixos",
        "ref": "nixpkgs-unstable",
        "repo": "nixpkgs",
        "type": "github"
      }
    },
    "root": {
      "inputs": {
        "comma": "comma",
        "darwin": "darwin",
        "darwin-stable": "darwin-stable",
        "devshell": "devshell",
        "flake-compat": "flake-compat",
        "flake-utils": "flake-utils",
        "home-manager": "home-manager",
        "nixos-hardware": "nixos-hardware",
        "nixos-stable": "nixos-stable",
        "nixos-unstable": "nixos-unstable",
        "nixpkgs": "nixpkgs"
      }
    }
  },
  "root": "root",
  "version": 7
}
